
Microsoft Visual Studio Solution File, Format Version 12.00
# Visual Studio 15
VisualStudioVersion = 15.0.28010.2046
MinimumVisualStudioVersion = 10.0.40219.1
Project("{FAE04EC0-301F-11D3-BF4B-00C04F79EFBC}") = "BibliotecaXamarin.Android", "BibliotecaXamarin\BibliotecaXamarin.Android\BibliotecaXamarin.Android.csproj", "{DF4CF7BB-9CB9-4FD1-AC5E-739589CCF539}"
EndProject
Project("{FAE04EC0-301F-11D3-BF4B-00C04F79EFBC}") = "BibliotecaXamarin.iOS", "BibliotecaXamarin\BibliotecaXamarin.iOS\BibliotecaXamarin.iOS.csproj", "{D63BD8E5-143F-4BBF-971A-1DE09C91AD9F}"
EndProject
Project("{FAE04EC0-301F-11D3-BF4B-00C04F79EFBC}") = "BibliotecaXamarin", "BibliotecaXamarin\BibliotecaXamarin\BibliotecaXamarin.csproj", "{DE143451-D298-44C5-8A8D-0E1A13C16A2C}"
EndProject
Global
	GlobalSection(SolutionConfigurationPlatforms) = preSolution
		Ad-Hoc|Any CPU = Ad-Hoc|Any CPU
		Ad-Hoc|iPhone = Ad-Hoc|iPhone
		Ad-Hoc|iPhoneSimulator = Ad-Hoc|iPhoneSimulator
		AppStore|Any CPU = AppStore|Any CPU
		AppStore|iPhone = AppStore|iPhone
		AppStore|iPhoneSimulator = AppStore|iPhoneSimulator
		Debug|Any CPU = Debug|Any CPU
		Debug|iPhone = Debug|iPhone
		Debug|iPhoneSimulator = Debug|iPhoneSimulator
		Release|Any CPU = Release|Any CPU
		Release|iPhone = Release|iPhone
		Release|iPhoneSimulator = Release|iPhoneSimulator
	EndGlobalSection
	GlobalSection(ProjectConfigurationPlatforms) = postSolution
		{DF4CF7BB-9CB9-4FD1-AC5E-739589CCF539}.Ad-Hoc|Any CPU.ActiveCfg = Release|Any CPU
		{DF4CF7BB-9CB9-4FD1-AC5E-739589CCF539}.Ad-Hoc|Any CPU.Build.0 = Release|Any CPU
		{DF4CF7BB-9CB9-4FD1-AC5E-739589CCF539}.Ad-Hoc|Any CPU.Deploy.0 = Release|Any CPU
		{DF4CF7BB-9CB9-4FD1-AC5E-739589CCF539}.Ad-Hoc|iPhone.ActiveCfg = Release|Any CPU
		{DF4CF7BB-9CB9-4FD1-AC5E-739589CCF539}.Ad-Hoc|iPhone.Build.0 = Release|Any CPU
		{DF4CF7BB-9CB9-4FD1-AC5E-739589CCF539}.Ad-Hoc|iPhone.Deploy.0 = Release|Any CPU
		{DF4CF7BB-9CB9-4FD1-AC5E-739589CCF539}.Ad-Hoc|iPhoneSimulator.ActiveCfg = Release|Any CPU
		{DF4CF7BB-9CB9-4FD1-AC5E-739589CCF539}.Ad-Hoc|iPhoneSimulator.Build.0 = Release|Any CPU
		{DF4CF7BB-9CB9-4FD1-AC5E-739589CCF539}.Ad-Hoc|iPhoneSimulator.Deploy.0 = Release|Any CPU
		{DF4CF7BB-9CB9-4FD1-AC5E-739589CCF539}.AppStore|Any CPU.ActiveCfg = Release|Any CPU
		{DF4CF7BB-9CB9-4FD1-AC5E-739589CCF539}.AppStore|Any CPU.Build.0 = Release|Any CPU
		{DF4CF7BB-9CB9-4FD1-AC5E-739589CCF539}.AppStore|Any CPU.Deploy.0 = Release|Any CPU
		{DF4CF7BB-9CB9-4FD1-AC5E-739589CCF539}.AppStore|iPhone.ActiveCfg = Release|Any CPU
		{DF4CF7BB-9CB9-4FD1-AC5E-739589CCF539}.AppStore|iPhone.Build.0 = Release|Any CPU
		{DF4CF7BB-9CB9-4FD1-AC5E-739589CCF539}.AppStore|iPhone.Deploy.0 = Release|Any CPU
		{DF4CF7BB-9CB9-4FD1-AC5E-739589CCF539}.AppStore|iPhoneSimulator.ActiveCfg = Release|Any CPU
		{DF4CF7BB-9CB9-4FD1-AC5E-739589CCF539}.AppStore|iPhoneSimulator.Build.0 = Release|Any CPU
		{DF4CF7BB-9CB9-4FD1-AC5E-739589CCF539}.AppStore|iPhoneSimulator.Deploy.0 = Release|Any CPU
		{DF4CF7BB-9CB9-4FD1-AC5E-739589CCF539}.Debug|Any CPU.ActiveCfg = Debug|Any CPU
		{DF4CF7BB-9CB9-4FD1-AC5E-739589CCF539}.Debug|Any CPU.Build.0 = Debug|Any CPU
		{DF4CF7BB-9CB9-4FD1-AC5E-739589CCF539}.Debug|Any CPU.Deploy.0 = Debug|Any CPU
		{DF4CF7BB-9CB9-4FD1-AC5E-739589CCF539}.Debug|iPhone.ActiveCfg = Debug|Any CPU
		{DF4CF7BB-9CB9-4FD1-AC5E-739589CCF539}.Debug|iPhone.Build.0 = Debug|Any CPU
		{DF4CF7BB-9CB9-4FD1-AC5E-739589CCF539}.Debug|iPhone.Deploy.0 = Debug|Any CPU
		{DF4CF7BB-9CB9-4FD1-AC5E-739589CCF539}.Debug|iPhoneSimulator.ActiveCfg = Debug|Any CPU
		{DF4CF7BB-9CB9-4FD1-AC5E-739589CCF539}.Debug|iPhoneSimulator.Build.0 = Debug|Any CPU
		{DF4CF7BB-9CB9-4FD1-AC5E-739589CCF539}.Debug|iPhoneSimulator.Deploy.0 = Debug|Any CPU
		{DF4CF7BB-9CB9-4FD1-AC5E-739589CCF539}.Release|Any CPU.ActiveCfg = Release|Any CPU
		{DF4CF7BB-9CB9-4FD1-AC5E-739589CCF539}.Release|Any CPU.Build.0 = Release|Any CPU
		{DF4CF7BB-9CB9-4FD1-AC5E-739589CCF539}.Release|Any CPU.Deploy.0 = Release|Any CPU
		{DF4CF7BB-9CB9-4FD1-AC5E-739589CCF539}.Release|iPhone.ActiveCfg = Release|Any CPU
		{DF4CF7BB-9CB9-4FD1-AC5E-739589CCF539}.Release|iPhone.Build.0 = Release|Any CPU
		{DF4CF7BB-9CB9-4FD1-AC5E-739589CCF539}.Release|iPhone.Deploy.0 = Release|Any CPU
		{DF4CF7BB-9CB9-4FD1-AC5E-739589CCF539}.Release|iPhoneSimulator.ActiveCfg = Release|Any CPU
		{DF4CF7BB-9CB9-4FD1-AC5E-739589CCF539}.Release|iPhoneSimulator.Build.0 = Release|Any CPU
		{DF4CF7BB-9CB9-4FD1-AC5E-739589CCF539}.Release|iPhoneSimulator.Deploy.0 = Release|Any CPU
		{D63BD8E5-143F-4BBF-971A-1DE09C91AD9F}.Ad-Hoc|Any CPU.ActiveCfg = Ad-Hoc|iPhone
		{D63BD8E5-143F-4BBF-971A-1DE09C91AD9F}.Ad-Hoc|Any CPU.Build.0 = Ad-Hoc|iPhone
		{D63BD8E5-143F-4BBF-971A-1DE09C91AD9F}.Ad-Hoc|Any CPU.Deploy.0 = Ad-Hoc|iPhone
		{D63BD8E5-143F-4BBF-971A-1DE09C91AD9F}.Ad-Hoc|iPhone.ActiveCfg = Ad-Hoc|iPhone
		{D63BD8E5-143F-4BBF-971A-1DE09C91AD9F}.Ad-Hoc|iPhone.Build.0 = Ad-Hoc|iPhone
		{D63BD8E5-143F-4BBF-971A-1DE09C91AD9F}.Ad-Hoc|iPhone.Deploy.0 = Ad-Hoc|iPhone
		{D63BD8E5-143F-4BBF-971A-1DE09C91AD9F}.Ad-Hoc|iPhoneSimulator.ActiveCfg = Ad-Hoc|iPhoneSimulator
		{D63BD8E5-143F-4BBF-971A-1DE09C91AD9F}.Ad-Hoc|iPhoneSimulator.Build.0 = Ad-Hoc|iPhoneSimulator
		{D63BD8E5-143F-4BBF-971A-1DE09C91AD9F}.Ad-Hoc|iPhoneSimulator.Deploy.0 = Ad-Hoc|iPhoneSimulator
		{D63BD8E5-143F-4BBF-971A-1DE09C91AD9F}.AppStore|Any CPU.ActiveCfg = AppStore|iPhone
		{D63BD8E5-143F-4BBF-971A-1DE09C91AD9F}.AppStore|Any CPU.Build.0 = AppStore|iPhone
		{D63BD8E5-143F-4BBF-971A-1DE09C91AD9F}.AppStore|Any CPU.Deploy.0 = AppStore|iPhone
		{D63BD8E5-143F-4BBF-971A-1DE09C91AD9F}.AppStore|iPhone.ActiveCfg = AppStore|iPhone
		{D63BD8E5-143F-4BBF-971A-1DE09C91AD9F}.AppStore|iPhone.Build.0 = AppStore|iPhone
		{D63BD8E5-143F-4BBF-971A-1DE09C91AD9F}.AppStore|iPhone.Deploy.0 = AppStore|iPhone
		{D63BD8E5-143F-4BBF-971A-1DE09C91AD9F}.AppStore|iPhoneSimulator.ActiveCfg = AppStore|iPhoneSimulator
		{D63BD8E5-143F-4BBF-971A-1DE09C91AD9F}.AppStore|iPhoneSimulator.Build.0 = AppStore|iPhoneSimulator
		{D63BD8E5-143F-4BBF-971A-1DE09C91AD9F}.AppStore|iPhoneSimulator.Deploy.0 = AppStore|iPhoneSimulator
		{D63BD8E5-143F-4BBF-971A-1DE09C91AD9F}.Debug|Any CPU.ActiveCfg = Debug|iPhoneSimulator
		{D63BD8E5-143F-4BBF-971A-1DE09C91AD9F}.Debug|Any CPU.Build.0 = Debug|iPhoneSimulator
		{D63BD8E5-143F-4BBF-971A-1DE09C91AD9F}.Debug|Any CPU.Deploy.0 = Debug|iPhoneSimulator
		{D63BD8E5-143F-4BBF-971A-1DE09C91AD9F}.Debug|iPhone.ActiveCfg = Debug|iPhone
		{D63BD8E5-143F-4BBF-971A-1DE09C91AD9F}.Debug|iPhone.Build.0 = Debug|iPhone
		{D63BD8E5-143F-4BBF-971A-1DE09C91AD9F}.Debug|iPhone.Deploy.0 = Debug|iPhone
		{D63BD8E5-143F-4BBF-971A-1DE09C91AD9F}.Debug|iPhoneSimulator.ActiveCfg = Debug|iPhoneSimulator
		{D63BD8E5-143F-4BBF-971A-1DE09C91AD9F}.Debug|iPhoneSimulator.Build.0 = Debug|iPhoneSimulator
		{D63BD8E5-143F-4BBF-971A-1DE09C91AD9F}.Debug|iPhoneSimulator.Deploy.0 = Debug|iPhoneSimulator
		{D63BD8E5-143F-4BBF-971A-1DE09C91AD9F}.Release|Any CPU.ActiveCfg = Release|iPhone
		{D63BD8E5-143F-4BBF-971A-1DE09C91AD9F}.Release|Any CPU.Build.0 = Release|iPhone
		{D63BD8E5-143F-4BBF-971A-1DE09C91AD9F}.Release|Any CPU.Deploy.0 = Release|iPhone
		{D63BD8E5-143F-4BBF-971A-1DE09C91AD9F}.Release|iPhone.ActiveCfg = Release|iPhone
		{D63BD8E5-143F-4BBF-971A-1DE09C91AD9F}.Release|iPhone.Build.0 = Release|iPhone
		{D63BD8E5-143F-4BBF-971A-1DE09C91AD9F}.Release|iPhone.Deploy.0 = Release|iPhone
		{D63BD8E5-143F-4BBF-971A-1DE09C91AD9F}.Release|iPhoneSimulator.ActiveCfg = Release|iPhoneSimulator
		{D63BD8E5-143F-4BBF-971A-1DE09C91AD9F}.Release|iPhoneSimulator.Build.0 = Release|iPhoneSimulator
		{D63BD8E5-143F-4BBF-971A-1DE09C91AD9F}.Release|iPhoneSimulator.Deploy.0 = Release|iPhoneSimulator
		{DE143451-D298-44C5-8A8D-0E1A13C16A2C}.Ad-Hoc|Any CPU.ActiveCfg = Debug|Any CPU
		{DE143451-D298-44C5-8A8D-0E1A13C16A2C}.Ad-Hoc|Any CPU.Build.0 = Debug|Any CPU
		{DE143451-D298-44C5-8A8D-0E1A13C16A2C}.Ad-Hoc|Any CPU.Deploy.0 = Debug|Any CPU
		{DE143451-D298-44C5-8A8D-0E1A13C16A2C}.Ad-Hoc|iPhone.ActiveCfg = Debug|Any CPU
		{DE143451-D298-44C5-8A8D-0E1A13C16A2C}.Ad-Hoc|iPhone.Build.0 = Debug|Any CPU
		{DE143451-D298-44C5-8A8D-0E1A13C16A2C}.Ad-Hoc|iPhone.Deploy.0 = Debug|Any CPU
		{DE143451-D298-44C5-8A8D-0E1A13C16A2C}.Ad-Hoc|iPhoneSimulator.ActiveCfg = Debug|Any CPU
		{DE143451-D298-44C5-8A8D-0E1A13C16A2C}.Ad-Hoc|iPhoneSimulator.Build.0 = Debug|Any CPU
		{DE143451-D298-44C5-8A8D-0E1A13C16A2C}.Ad-Hoc|iPhoneSimulator.Deploy.0 = Debug|Any CPU
		{DE143451-D298-44C5-8A8D-0E1A13C16A2C}.AppStore|Any CPU.ActiveCfg = Debug|Any CPU
		{DE143451-D298-44C5-8A8D-0E1A13C16A2C}.AppStore|Any CPU.Build.0 = Debug|Any CPU
		{DE143451-D298-44C5-8A8D-0E1A13C16A2C}.AppStore|Any CPU.Deploy.0 = Debug|Any CPU
		{DE143451-D298-44C5-8A8D-0E1A13C16A2C}.AppStore|iPhone.ActiveCfg = Debug|Any CPU
		{DE143451-D298-44C5-8A8D-0E1A13C16A2C}.AppStore|iPhone.Build.0 = Debug|Any CPU
		{DE143451-D298-44C5-8A8D-0E1A13C16A2C}.AppStore|iPhone.Deploy.0 = Debug|Any CPU
		{DE143451-D298-44C5-8A8D-0E1A13C16A2C}.AppStore|iPhoneSimulator.ActiveCfg = Debug|Any CPU
		{DE143451-D298-44C5-8A8D-0E1A13C16A2C}.AppStore|iPhoneSimulator.Build.0 = Debug|Any CPU
		{DE143451-D298-44C5-8A8D-0E1A13C16A2C}.AppStore|iPhoneSimulator.Deploy.0 = Debug|Any CPU
		{DE143451-D298-44C5-8A8D-0E1A13C16A2C}.Debug|Any CPU.ActiveCfg = Debug|Any CPU
		{DE143451-D298-44C5-8A8D-0E1A13C16A2C}.Debug|Any CPU.Build.0 = Debug|Any CPU
		{DE143451-D298-44C5-8A8D-0E1A13C16A2C}.Debug|Any CPU.Deploy.0 = Debug|Any CPU
		{DE143451-D298-44C5-8A8D-0E1A13C16A2C}.Debug|iPhone.ActiveCfg = Debug|Any CPU
		{DE143451-D298-44C5-8A8D-0E1A13C16A2C}.Debug|iPhone.Build.0 = Debug|Any CPU
		{DE143451-D298-44C5-8A8D-0E1A13C16A2C}.Debug|iPhone.Deploy.0 = Debug|Any CPU
		{DE143451-D298-44C5-8A8D-0E1A13C16A2C}.Debug|iPhoneSimulator.ActiveCfg = Debug|Any CPU
		{DE143451-D298-44C5-8A8D-0E1A13C16A2C}.Debug|iPhoneSimulator.Build.0 = Debug|Any CPU
		{DE143451-D298-44C5-8A8D-0E1A13C16A2C}.Debug|iPhoneSimulator.Deploy.0 = Debug|Any CPU
		{DE143451-D298-44C5-8A8D-0E1A13C16A2C}.Release|Any CPU.ActiveCfg = Release|Any CPU
		{DE143451-D298-44C5-8A8D-0E1A13C16A2C}.Release|Any CPU.Build.0 = Release|Any CPU
		{DE143451-D298-44C5-8A8D-0E1A13C16A2C}.Release|Any CPU.Deploy.0 = Release|Any CPU
		{DE143451-D298-44C5-8A8D-0E1A13C16A2C}.Release|iPhone.ActiveCfg = Release|Any CPU
		{DE143451-D298-44C5-8A8D-0E1A13C16A2C}.Release|iPhone.Build.0 = Release|Any CPU
		{DE143451-D298-44C5-8A8D-0E1A13C16A2C}.Release|iPhone.Deploy.0 = Release|Any CPU
		{DE143451-D298-44C5-8A8D-0E1A13C16A2C}.Release|iPhoneSimulator.ActiveCfg = Release|Any CPU
		{DE143451-D298-44C5-8A8D-0E1A13C16A2C}.Release|iPhoneSimulator.Build.0 = Release|Any CPU
		{DE143451-D298-44C5-8A8D-0E1A13C16A2C}.Release|iPhoneSimulator.Deploy.0 = Release|Any CPU
	EndGlobalSection
	GlobalSection(SolutionProperties) = preSolution
		HideSolutionNode = FALSE
	EndGlobalSection
	GlobalSection(ExtensibilityGlobals) = postSolution
		SolutionGuid = {5327C4AF-49E7-4C2D-A262-8374DC7EA4B9}
	EndGlobalSection
EndGlobal
